ekyu.moe/cryptonight v0.3.0 h1:Ur4LA+koVyo52/G7GF/5QKyVcloXkIQWjsw0vNvSKEA=
ekyu.moe/cryptonight v0.3.0/go.mod h1:ZSoDow0HyP4oPny5lywoY1Szuo4eH+fpZn7J5YRCVBc=
github.com/aead/skein v0.0.0-20160722084837-9365ae6e95d2 h1:q5TSngwXJdajCyZPQR+eKyRRgI3/ZXC/Nq1ZxZ4Zxu8=
github.com/aead/skein v0.0.0-20160722084837-9365ae6e95d2/go.mod h1:4JBZEId5BaLqvA2DGU53phvwkn2WpeLhNSF79/uKBPs=
github.com/dchest/blake256 v1.0.0/go.mod h1:xXNWCE1jsAP8DAjP+rKw2MbeqLczjI3TRx2VK+9OEYY=
github.com/dchest/blake256 v1.1.0 h1:4AuEhGPT/3TTKFhTfBpZ8hgZE7wJpawcYaEawwsbtqM=
github.com/dchest/blake256 v1.1.0/go.mod h1:xXNWCE1jsAP8DAjP+rKw2MbeqLczjI3TRx2VK+9OEYY=
github.com/klauspost/cpuid/v2 v2.0.9 h1:lgaqFMSdTdQYdZ04uHyN2d/eKdOMyi2YLSvlQIBFYa4=
github.com/klauspost/cpuid/v2 v2.0.9/go.mod h1:FInQzS24/EEf25PyTYn52gqo7WaD8xa0213Md/qVLRg=
github.com/mycroft/goquarkhash v0.0.0-20180708083435-35950a5747a3 h1:sHiaxaeHRhCFEc2oTjOKhthWlAV6dgNod35/aqSMsMs=
github.com/mycroft/goquarkhash v0.0.0-20180708083435-35950a5747a3/go.mod h1:iVmOdSa1f4XitqCZmi6Rzr1E14OQsn1vRNXIWekwgAE=
gitlab.com/nitya-sattva/go-x11 v0.0.0-20161218191547-fe7663eb78fd h1:vo96ljS9/ZiG8SWCmgEbAzU/Eol4xM6MEEEbTRS7V/Q=
gitlab.com/nitya-sattva/go-x11 v0.0.0-20161218191547-fe7663eb78fd/go.mod h1:0Hgc0AzU3aAodvipSCrgE6Y+HYIjdz/VdShJQhmPC94=
golang.org/x/crypto v0.15.0 h1:frVn1TEaCEaZcn3Tmd7Y2b5KKPaZ+I32Q2OA3kYp5TA=
golang.org/x/crypto v0.15.0/go.mod h1:4ChreQoLWfG3xLDer1WdlH5NdlQ3+mwnQq1YTKY+72g=
golang.org/x/sys v0.0.0-20180816055513-1c9583448a9c/go.mod h1:STP8DvDyc/dI5b8T5hshtkjS+E42TnysNCUPdjciGhY=
golang.org/x/sys v0.14.0 h1:Vz7Qs629MkJkGyHxUlRHizWJRG2j8fbQKjELVSNhy7Q=
golang.org/x/sys v0.14.0/go.mod h1:/VUhepiaJMQUp4+oa/7Zr1D23ma6VTLIYjOOTFZPUcA=
lukechampine.com/blake3 v1.2.1 h1:YuqqRuaqsGV71BV/nm9xlI0MKUv4QC54jQnBChWbGnI=
lukechampine.com/blake3 v1.2.1/go.mod h1:0OFRp7fBtAylGVCO40o87sbupkyIGgbpv1+M1k1LM6k=
